
Microsoft Visual Studio Solution File, Format Version 12.00
# Visual Studio Version 17
VisualStudioVersion = 17.0.31912.275
MinimumVisualStudioVersion = 10.0.40219.1
Project("{FAE04EC0-301F-11D3-BF4B-00C04F79EFBC}") = "Evat.IdentityServer", "Evat.IdentityServer\Evat.IdentityServer.csproj", "{5F5EBF99-7832-4B0D-A180-3E81BDE6D23A}"
EndProject
Global
	GlobalSection(SolutionConfigurationPlatforms) = preSolution
		Debug|Any CPU = Debug|Any CPU
		Release|Any CPU = Release|Any CPU
	EndGlobalSection
	GlobalSection(ProjectConfigurationPlatforms) = postSolution
		{5F5EBF99-7832-4B0D-A180-3E81BDE6D23A}.Debug|Any CPU.ActiveCfg = Debug|Any CPU
		{5F5EBF99-7832-4B0D-A180-3E81BDE6D23A}.Debug|Any CPU.Build.0 = Debug|Any CPU
		{5F5EBF99-7832-4B0D-A180-3E81BDE6D23A}.Release|Any CPU.ActiveCfg = Release|Any CPU
		{5F5EBF99-7832-4B0D-A180-3E81BDE6D23A}.Release|Any CPU.Build.0 = Release|Any CPU
	EndGlobalSection
	GlobalSection(SolutionProperties) = preSolution
		HideSolutionNode = FALSE
	EndGlobalSection
	GlobalSection(ExtensibilityGlobals) = postSolution
		SolutionGuid = {5A52D556-0FC6-444A-9F4B-9C038D6E1795}
	EndGlobalSection
EndGlobal
